
Microsoft Visual Studio Solution File, Format Version 11.00
# Visual Studio 2010
Project("{FAE04EC0-301F-11D3-BF4B-00C04F79EFBC}") = "MarkdownMode", "MarkdownMode.csproj", "{1017287A-83B1-41AB-BAC2-045AC45607C7}"
EndProject
Global
	GlobalSection(SolutionConfigurationPlatforms) = preSolution
		Debug|Any CPU = Debug|Any CPU
		Release|Any CPU = Release|Any CPU
	EndGlobalSection
	GlobalSection(ProjectConfigurationPlatforms) = postSolution
		{1017287A-83B1-41AB-BAC2-045AC45607C7}.Debug|Any CPU.ActiveCfg = Debug|Any CPU
		{1017287A-83B1-41AB-BAC2-045AC45607C7}.Debug|Any CPU.Build.0 = Debug|Any CPU
		{1017287A-83B1-41AB-BAC2-045AC45607C7}.Release|Any CPU.ActiveCfg = Release|Any CPU
		{1017287A-83B1-41AB-BAC2-045AC45607C7}.Release|Any CPU.Build.0 = Release|Any CPU
	EndGlobalSection
	GlobalSection(SolutionProperties) = preSolution
		HideSolutionNode = FALSE
	EndGlobalSection
EndGlobal
